
Microsoft Visual Studio Solution File, Format Version 12.00
# Visual Studio Version 17
VisualStudioVersion = 17.0.31903.59
MinimumVisualStudioVersion = 10.0.40219.1
Project("{FAE04EC0-301F-11D3-BF4B-00C04F79EFBC}") = "UnitTest.App", "UnitTest.App\UnitTest.App.csproj", "{9C346BB2-042D-4E0E-9D56-5788268A3975}"
EndProject
Project("{FAE04EC0-301F-11D3-BF4B-00C04F79EFBC}") = "UnitTest.Test", "UnitTest.Test\UnitTest.Test.csproj", "{7BC36220-E011-4E02-AC13-C97A1EF87E33}"
EndProject
Global
	GlobalSection(SolutionConfigurationPlatforms) = preSolution
		Debug|Any CPU = Debug|Any CPU
		Release|Any CPU = Release|Any CPU
	EndGlobalSection
	GlobalSection(SolutionProperties) = preSolution
		HideSolutionNode = FALSE
	EndGlobalSection
	GlobalSection(ProjectConfigurationPlatforms) = postSolution
		{9C346BB2-042D-4E0E-9D56-5788268A3975}.Debug|Any CPU.ActiveCfg = Debug|Any CPU
		{9C346BB2-042D-4E0E-9D56-5788268A3975}.Debug|Any CPU.Build.0 = Debug|Any CPU
		{9C346BB2-042D-4E0E-9D56-5788268A3975}.Release|Any CPU.ActiveCfg = Release|Any CPU
		{9C346BB2-042D-4E0E-9D56-5788268A3975}.Release|Any CPU.Build.0 = Release|Any CPU
		{7BC36220-E011-4E02-AC13-C97A1EF87E33}.Debug|Any CPU.ActiveCfg = Debug|Any CPU
		{7BC36220-E011-4E02-AC13-C97A1EF87E33}.Debug|Any CPU.Build.0 = Debug|Any CPU
		{7BC36220-E011-4E02-AC13-C97A1EF87E33}.Release|Any CPU.ActiveCfg = Release|Any CPU
		{7BC36220-E011-4E02-AC13-C97A1EF87E33}.Release|Any CPU.Build.0 = Release|Any CPU
	EndGlobalSection
EndGlobal
